{
    "_readme": [
        "This file locks the dependencies of your project to a known state",
        "Read more about it at https://getcomposer.org/doc/01-basic-usage.md#composer-lock-the-lock-file",
        "This file is @generated automatically"
    ],
    "content-hash": "562676aa25ed7eed9d292b9ee1cc0b20",
    "packages": [
        {
            "name": "bolandish/instagram-grabber",
            "version": "1.0.13",
            "source": {
                "type": "git",
                "url": "https://github.com/Bolandish/PHP-Instagram-Grabber.git",
                "reference": "7d926f6e3557976e194b71c4a023ef30f6d93fc9"
            },
            "dist": {
                "type": "zip",
                "url": "https://api.github.com/repos/Bolandish/PHP-Instagram-Grabber/zipball/7d926f6e3557976e194b71c4a023ef30f6d93fc9",
                "reference": "7d926f6e3557976e194b71c4a023ef30f6d93fc9",
                "shasum": ""
            },
            "type": "library",
            "autoload": {
                "psr-4": {
                    "Bolandish\\": "src/"
                }
            },
            "notification-url": "https://packagist.org/downloads/",
            "authors": [
                {
                    "name": "Thomas Bolander",
                    "email": "privat@thomasbolander.dk"
                }
            ],
            "description": "A workaround for the new Instagram policy to get images by hashtag and user id. No need for accesstoken",
            "time": "2017-01-10T11:55:02+00:00"
        }
    ],
    "packages-dev": [],
    "aliases": [],
    "minimum-stability": "stable",
    "stability-flags": [],
    "prefer-stable": false,
    "prefer-lowest": false,
    "platform": [],
    "platform-dev": []
}
