# This file is autogenerated, do not edit; changes may be undone by the next 'dep ensure'.


[[projects]]
  name = "cloud.google.com/go"
  packages = ["compute/metadata"]
  revision = "0fd7230b2a7505833d5f69b75cbd6c9582401479"
  version = "v0.23.0"

[[projects]]
  name = "github.com/davecgh/go-spew"
  packages = ["spew"]
  revision = "346938d642f2ec3594ed81d874461961cd0faa76"
  version = "v1.1.0"

[[projects]]
  name = "github.com/go-resty/resty"
  packages = ["."]
  revision = "fc3ad735b5565cada42d34bc298573fd3fe5adc6"
  version = "v1.6"

[[projects]]
  name = "github.com/golang/protobuf"
  packages = ["proto"]
  revision = "b4deda0973fb4c70b50d226b1af49f3da59f5265"
  version = "v1.1.0"

[[projects]]
  name = "github.com/pmezard/go-difflib"
  packages = ["difflib"]
  revision = "792786c7400a136282c1664665ae0a8db921c6c2"
  version = "v1.0.0"

[[projects]]
  branch = "master"
  name = "github.com/puzanov/mongostorage"
  packages = ["."]
  revision = "924d9cae23c80d082c5f70916cc9e1c222a6b480"

[[projects]]
  name = "github.com/stretchr/testify"
  packages = ["assert"]
  revision = "f35b8ab0b5a2cef36673838d662e249dd9c94686"
  version = "v1.2.2"

[[projects]]
  branch = "master"
  name = "golang.org/x/net"
  packages = ["context","context/ctxhttp","idna","publicsuffix"]
  revision = "db08ff08e8622530d9ed3a0e8ac279f6d4c02196"

[[projects]]
  branch = "master"
  name = "golang.org/x/oauth2"
  packages = [".","google","internal","jws","jwt"]
  revision = "088f8e1d436e8d636f13cd83a345b3d6ff2f04ae"

[[projects]]
  name = "golang.org/x/text"
  packages = ["collate","collate/build","internal/colltab","internal/gen","internal/tag","internal/triegen","internal/ucd","language","secure/bidirule","transform","unicode/bidi","unicode/cldr","unicode/norm","unicode/rangetable"]
  revision = "f21a4dfb5e38f5895301dc265a8def02365cc3d0"
  version = "v0.3.0"

[[projects]]
  name = "google.golang.org/appengine"
  packages = [".","internal","internal/app_identity","internal/base","internal/datastore","internal/log","internal/modules","internal/remote_api","internal/urlfetch","urlfetch"]
  revision = "b1f26356af11148e710935ed1ac8a7f5702c7612"
  version = "v1.1.0"

[[projects]]
  branch = "v2"
  name = "gopkg.in/mgo.v2"
  packages = [".","bson","internal/json","internal/sasl","internal/scram"]
  revision = "3f83fa5005286a7fe593b055f0d7771a7dce4655"

[solve-meta]
  analyzer-name = "dep"
  analyzer-version = 1
  inputs-digest = "8cd586f8fa84093c5c1d6b6414738c144069bdd54729d47115ddcc1f7b0926a1"
  solver-name = "gps-cdcl"
  solver-version = 1
